
Microsoft Visual Studio Solution File, Format Version 12.00
# Visual Studio Version 17
VisualStudioVersion = 17.12.35527.113
MinimumVisualStudioVersion = 10.0.40219.1
Project("{FAE04EC0-301F-11D3-BF4B-00C04F79EFBC}") = "CryptorLogin", "CryptorLogin.csproj", "{DB6029AD-FC9F-4385-ABE4-EDB41AA15DE6}"
EndProject
Project("{FAE04EC0-301F-11D3-BF4B-00C04F79EFBC}") = "CryptorWinUIDLL", "..\CryptorWinUIDLL\CryptorWinUIDLL.csproj", "{E3762CBE-C7AF-4DCE-B42B-CF85F7A26273}"
EndProject
Global
	GlobalSection(SolutionConfigurationPlatforms) = preSolution
		Debug|Any CPU = Debug|Any CPU
		Release|Any CPU = Release|Any CPU
	EndGlobalSection
	GlobalSection(ProjectConfigurationPlatforms) = postSolution
		{DB6029AD-FC9F-4385-ABE4-EDB41AA15DE6}.Debug|Any CPU.ActiveCfg = Debug|Any CPU
		{DB6029AD-FC9F-4385-ABE4-EDB41AA15DE6}.Debug|Any CPU.Build.0 = Debug|Any CPU
		{DB6029AD-FC9F-4385-ABE4-EDB41AA15DE6}.Release|Any CPU.ActiveCfg = Release|Any CPU
		{DB6029AD-FC9F-4385-ABE4-EDB41AA15DE6}.Release|Any CPU.Build.0 = Release|Any CPU
		{E3762CBE-C7AF-4DCE-B42B-CF85F7A26273}.Debug|Any CPU.ActiveCfg = Debug|Any CPU
		{E3762CBE-C7AF-4DCE-B42B-CF85F7A26273}.Debug|Any CPU.Build.0 = Debug|Any CPU
		{E3762CBE-C7AF-4DCE-B42B-CF85F7A26273}.Release|Any CPU.ActiveCfg = Release|Any CPU
		{E3762CBE-C7AF-4DCE-B42B-CF85F7A26273}.Release|Any CPU.Build.0 = Release|Any CPU
	EndGlobalSection
	GlobalSection(SolutionProperties) = preSolution
		HideSolutionNode = FALSE
	EndGlobalSection
EndGlobal
